
Microsoft Visual Studio Solution File, Format Version 12.00
# Visual Studio 15
VisualStudioVersion = 15.0.28010.2041
MinimumVisualStudioVersion = 10.0.40219.1
Project("{8BC9CEB8-8B4A-11D0-8D11-00A0C91BC942}") = "Acaso hubo buhos aca", "Acaso hubo buhos aca\Acaso hubo buhos aca.vcxproj", "{EC33C9DE-B2F4-4DAF-A1E3-CF99C7A037A5}"
EndProject
Global
	GlobalSection(SolutionConfigurationPlatforms) = preSolution
		Debug|x64 = Debug|x64
		Debug|x86 = Debug|x86
		Release|x64 = Release|x64
		Release|x86 = Release|x86
	EndGlobalSection
	GlobalSection(ProjectConfigurationPlatforms) = postSolution
		{EC33C9DE-B2F4-4DAF-A1E3-CF99C7A037A5}.Debug|x64.ActiveCfg = Debug|x64
		{EC33C9DE-B2F4-4DAF-A1E3-CF99C7A037A5}.Debug|x64.Build.0 = Debug|x64
		{EC33C9DE-B2F4-4DAF-A1E3-CF99C7A037A5}.Debug|x86.ActiveCfg = Debug|Win32
		{EC33C9DE-B2F4-4DAF-A1E3-CF99C7A037A5}.Debug|x86.Build.0 = Debug|Win32
		{EC33C9DE-B2F4-4DAF-A1E3-CF99C7A037A5}.Release|x64.ActiveCfg = Release|x64
		{EC33C9DE-B2F4-4DAF-A1E3-CF99C7A037A5}.Release|x64.Build.0 = Release|x64
		{EC33C9DE-B2F4-4DAF-A1E3-CF99C7A037A5}.Release|x86.ActiveCfg = Release|Win32
		{EC33C9DE-B2F4-4DAF-A1E3-CF99C7A037A5}.Release|x86.Build.0 = Release|Win32
	EndGlobalSection
	GlobalSection(SolutionProperties) = preSolution
		HideSolutionNode = FALSE
	EndGlobalSection
	GlobalSection(ExtensibilityGlobals) = postSolution
		SolutionGuid = {2D0E66C9-4CF1-444F-BC67-1D3F9AF3062E}
	EndGlobalSection
EndGlobal
